
Microsoft Visual Studio Solution File, Format Version 12.00
# Visual Studio 2012
Project("{FAE04EC0-301F-11D3-BF4B-00C04F79EFBC}") = "TnpdModels", "TnpdModels\TnpdModels.csproj", "{AEDCA091-B3B3-4669-B185-00A3DAB06B59}"
EndProject
Project("{FAE04EC0-301F-11D3-BF4B-00C04F79EFBC}") = "TnpdAdmin", "TnpdAdmin\TnpdAdmin.csproj", "{BEBC1BB1-A8BC-4BAA-A8DE-F502DF98C17E}"
EndProject
Project("{FAE04EC0-301F-11D3-BF4B-00C04F79EFBC}") = "SendTrafficSMS", "SendTrafficSMS\SendTrafficSMS.csproj", "{064CC81B-9C14-4DA0-9186-6B65C768E5D1}"
EndProject
Project("{FAE04EC0-301F-11D3-BF4B-00C04F79EFBC}") = "SynchronizeAD", "SynchronizeAD\SynchronizeAD.csproj", "{6DC539CE-8E67-4D7E-8E49-04E173AE0DDC}"
EndProject
Project("{FAE04EC0-301F-11D3-BF4B-00C04F79EFBC}") = "tnpd", "tnpd\tnpd.csproj", "{939B8214-DC15-44FC-9FE8-FAFEC313B430}"
EndProject
Project("{FAE04EC0-301F-11D3-BF4B-00C04F79EFBC}") = "FixDataBaseError", "FixDataBaseError\FixDataBaseError.csproj", "{B3176E86-F6A3-4C5D-9A38-F5D8A0B6AB42}"
EndProject
Project("{FAE04EC0-301F-11D3-BF4B-00C04F79EFBC}") = "CopyFileToNAS", "CopyFileToNAS\CopyFileToNAS.csproj", "{47C8B314-73D4-42C0-9EBB-1015EC614ED8}"
EndProject
Project("{FAE04EC0-301F-11D3-BF4B-00C04F79EFBC}") = "CheckBeforeDelete", "CheckBeforeDelete\CheckBeforeDelete.csproj", "{024495DB-00FE-458D-BE26-A82AC8E28F44}"
EndProject
Project("{FAE04EC0-301F-11D3-BF4B-00C04F79EFBC}") = "TnpdTrafficIDCheck", "TnpdTrafficIDCheck\TnpdTrafficIDCheck.csproj", "{44AC0EB4-4AC4-4758-9738-19A050AFBE3F}"
EndProject
Project("{FAE04EC0-301F-11D3-BF4B-00C04F79EFBC}") = "ConsoleApplication2", "ConsoleApplication2\ConsoleApplication2.csproj", "{EEE98CE6-8911-4BEA-8B2B-AA96FE5B57BE}"
EndProject
Project("{FAE04EC0-301F-11D3-BF4B-00C04F79EFBC}") = "ExportTrafficCase", "ExportTrafficCase\ExportTrafficCase.csproj", "{01F92762-DFE2-42BB-9E62-44DDB98F3353}"
EndProject
Global
	GlobalSection(SolutionConfigurationPlatforms) = preSolution
		Debug|Any CPU = Debug|Any CPU
		Release|Any CPU = Release|Any CPU
	EndGlobalSection
	GlobalSection(ProjectConfigurationPlatforms) = postSolution
		{AEDCA091-B3B3-4669-B185-00A3DAB06B59}.Debug|Any CPU.ActiveCfg = Debug|Any CPU
		{AEDCA091-B3B3-4669-B185-00A3DAB06B59}.Debug|Any CPU.Build.0 = Debug|Any CPU
		{AEDCA091-B3B3-4669-B185-00A3DAB06B59}.Release|Any CPU.ActiveCfg = Release|Any CPU
		{AEDCA091-B3B3-4669-B185-00A3DAB06B59}.Release|Any CPU.Build.0 = Release|Any CPU
		{BEBC1BB1-A8BC-4BAA-A8DE-F502DF98C17E}.Debug|Any CPU.ActiveCfg = Debug|Any CPU
		{BEBC1BB1-A8BC-4BAA-A8DE-F502DF98C17E}.Debug|Any CPU.Build.0 = Debug|Any CPU
		{BEBC1BB1-A8BC-4BAA-A8DE-F502DF98C17E}.Release|Any CPU.ActiveCfg = Release|Any CPU
		{BEBC1BB1-A8BC-4BAA-A8DE-F502DF98C17E}.Release|Any CPU.Build.0 = Release|Any CPU
		{064CC81B-9C14-4DA0-9186-6B65C768E5D1}.Debug|Any CPU.ActiveCfg = Debug|Any CPU
		{064CC81B-9C14-4DA0-9186-6B65C768E5D1}.Debug|Any CPU.Build.0 = Debug|Any CPU
		{064CC81B-9C14-4DA0-9186-6B65C768E5D1}.Release|Any CPU.ActiveCfg = Release|Any CPU
		{064CC81B-9C14-4DA0-9186-6B65C768E5D1}.Release|Any CPU.Build.0 = Release|Any CPU
		{6DC539CE-8E67-4D7E-8E49-04E173AE0DDC}.Debug|Any CPU.ActiveCfg = Debug|Any CPU
		{6DC539CE-8E67-4D7E-8E49-04E173AE0DDC}.Debug|Any CPU.Build.0 = Debug|Any CPU
		{6DC539CE-8E67-4D7E-8E49-04E173AE0DDC}.Release|Any CPU.ActiveCfg = Release|Any CPU
		{6DC539CE-8E67-4D7E-8E49-04E173AE0DDC}.Release|Any CPU.Build.0 = Release|Any CPU
		{939B8214-DC15-44FC-9FE8-FAFEC313B430}.Debug|Any CPU.ActiveCfg = Debug|Any CPU
		{939B8214-DC15-44FC-9FE8-FAFEC313B430}.Debug|Any CPU.Build.0 = Debug|Any CPU
		{939B8214-DC15-44FC-9FE8-FAFEC313B430}.Release|Any CPU.ActiveCfg = Release|Any CPU
		{939B8214-DC15-44FC-9FE8-FAFEC313B430}.Release|Any CPU.Build.0 = Release|Any CPU
		{B3176E86-F6A3-4C5D-9A38-F5D8A0B6AB42}.Debug|Any CPU.ActiveCfg = Debug|Any CPU
		{B3176E86-F6A3-4C5D-9A38-F5D8A0B6AB42}.Debug|Any CPU.Build.0 = Debug|Any CPU
		{B3176E86-F6A3-4C5D-9A38-F5D8A0B6AB42}.Release|Any CPU.ActiveCfg = Release|Any CPU
		{B3176E86-F6A3-4C5D-9A38-F5D8A0B6AB42}.Release|Any CPU.Build.0 = Release|Any CPU
		{47C8B314-73D4-42C0-9EBB-1015EC614ED8}.Debug|Any CPU.ActiveCfg = Debug|Any CPU
		{47C8B314-73D4-42C0-9EBB-1015EC614ED8}.Debug|Any CPU.Build.0 = Debug|Any CPU
		{47C8B314-73D4-42C0-9EBB-1015EC614ED8}.Release|Any CPU.ActiveCfg = Release|Any CPU
		{47C8B314-73D4-42C0-9EBB-1015EC614ED8}.Release|Any CPU.Build.0 = Release|Any CPU
		{024495DB-00FE-458D-BE26-A82AC8E28F44}.Debug|Any CPU.ActiveCfg = Debug|Any CPU
		{024495DB-00FE-458D-BE26-A82AC8E28F44}.Debug|Any CPU.Build.0 = Debug|Any CPU
		{024495DB-00FE-458D-BE26-A82AC8E28F44}.Release|Any CPU.ActiveCfg = Release|Any CPU
		{024495DB-00FE-458D-BE26-A82AC8E28F44}.Release|Any CPU.Build.0 = Release|Any CPU
		{44AC0EB4-4AC4-4758-9738-19A050AFBE3F}.Debug|Any CPU.ActiveCfg = Debug|Any CPU
		{44AC0EB4-4AC4-4758-9738-19A050AFBE3F}.Debug|Any CPU.Build.0 = Debug|Any CPU
		{44AC0EB4-4AC4-4758-9738-19A050AFBE3F}.Release|Any CPU.ActiveCfg = Release|Any CPU
		{44AC0EB4-4AC4-4758-9738-19A050AFBE3F}.Release|Any CPU.Build.0 = Release|Any CPU
		{EEE98CE6-8911-4BEA-8B2B-AA96FE5B57BE}.Debug|Any CPU.ActiveCfg = Debug|Any CPU
		{EEE98CE6-8911-4BEA-8B2B-AA96FE5B57BE}.Debug|Any CPU.Build.0 = Debug|Any CPU
		{EEE98CE6-8911-4BEA-8B2B-AA96FE5B57BE}.Release|Any CPU.ActiveCfg = Release|Any CPU
		{EEE98CE6-8911-4BEA-8B2B-AA96FE5B57BE}.Release|Any CPU.Build.0 = Release|Any CPU
		{01F92762-DFE2-42BB-9E62-44DDB98F3353}.Debug|Any CPU.ActiveCfg = Debug|Any CPU
		{01F92762-DFE2-42BB-9E62-44DDB98F3353}.Debug|Any CPU.Build.0 = Debug|Any CPU
		{01F92762-DFE2-42BB-9E62-44DDB98F3353}.Release|Any CPU.ActiveCfg = Release|Any CPU
		{01F92762-DFE2-42BB-9E62-44DDB98F3353}.Release|Any CPU.Build.0 = Release|Any CPU
	EndGlobalSection
	GlobalSection(SolutionProperties) = preSolution
		HideSolutionNode = FALSE
	EndGlobalSection
EndGlobal
